Microsoft Visual Studio Solution File, Format Version 12.00
# Visual Studio Version 16
VisualStudioVersion = 16.0.29319.158
MinimumVisualStudioVersion = 10.0.40219.1
Project("{9A19103F-16F7-4668-BE54-9A1E7A4F7556}") = "Cloud.Governance.NewSdk", "src\Cloud.Governance.NewSdk\Cloud.Governance.NewSdk.csproj", "{272DF9FA-2E7A-4270-A7FE-E3DB80F02DF1}"
EndProject
Project("{9A19103F-16F7-4668-BE54-9A1E7A4F7556}") = "Cloud.Governance.NewSdk.Test", "src\Cloud.Governance.NewSdk.Test\Cloud.Governance.NewSdk.Test.csproj", "{19F1DEBC-DE5E-4517-8062-F000CD499087}"
EndProject
Global
	GlobalSection(SolutionConfigurationPlatforms) = preSolution
		Debug|Any CPU = Debug|Any CPU
		Release|Any CPU = Release|Any CPU
	EndGlobalSection
	GlobalSection(ProjectConfigurationPlatforms) = postSolution
		{272DF9FA-2E7A-4270-A7FE-E3DB80F02DF1}.Debug|Any CPU.ActiveCfg = Debug|Any CPU
		{272DF9FA-2E7A-4270-A7FE-E3DB80F02DF1}.Debug|Any CPU.Build.0 = Debug|Any CPU
		{272DF9FA-2E7A-4270-A7FE-E3DB80F02DF1}.Release|Any CPU.ActiveCfg = Release|Any CPU
		{272DF9FA-2E7A-4270-A7FE-E3DB80F02DF1}.Release|Any CPU.Build.0 = Release|Any CPU
		{19F1DEBC-DE5E-4517-8062-F000CD499087}.Debug|Any CPU.ActiveCfg = Debug|Any CPU
		{19F1DEBC-DE5E-4517-8062-F000CD499087}.Debug|Any CPU.Build.0 = Debug|Any CPU
		{19F1DEBC-DE5E-4517-8062-F000CD499087}.Release|Any CPU.ActiveCfg = Release|Any CPU
		{19F1DEBC-DE5E-4517-8062-F000CD499087}.Release|Any CPU.Build.0 = Release|Any CPU
	EndGlobalSection
	GlobalSection(SolutionProperties) = preSolution
		HideSolutionNode = FALSE
	EndGlobalSection
	GlobalSection(ExtensibilityGlobals) = postSolution
		SolutionGuid = {0E4E5935-F422-4FD3-B37C-76784B69ECC2}
	EndGlobalSection
EndGlobal
