Microsoft Visual Studio Solution File, Format Version 12.00
# Visual Studio Version 16
VisualStudioVersion = 16.0.29509.3
MinimumVisualStudioVersion = 10.0.40219.1
Project("{9A19103F-16F7-4668-BE54-9A1E7A4F7556}") = "Cloud.Governance.Client", "src\Cloud.Governance.Client\Cloud.Governance.Client.csproj", "{878B8A4D-0342-4A5F-9F38-CF100CF202C4}"
EndProject
Global
	GlobalSection(SolutionConfigurationPlatforms) = preSolution
		Debug|Any CPU = Debug|Any CPU
		Release|Any CPU = Release|Any CPU
	EndGlobalSection
	GlobalSection(ProjectConfigurationPlatforms) = postSolution
		{878B8A4D-0342-4A5F-9F38-CF100CF202C4}.Debug|Any CPU.ActiveCfg = Debug|Any CPU
		{878B8A4D-0342-4A5F-9F38-CF100CF202C4}.Debug|Any CPU.Build.0 = Debug|Any CPU
		{878B8A4D-0342-4A5F-9F38-CF100CF202C4}.Release|Any CPU.ActiveCfg = Release|Any CPU
		{878B8A4D-0342-4A5F-9F38-CF100CF202C4}.Release|Any CPU.Build.0 = Release|Any CPU
	EndGlobalSection
	GlobalSection(SolutionProperties) = preSolution
		HideSolutionNode = FALSE
	EndGlobalSection
	GlobalSection(ExtensibilityGlobals) = postSolution
		SolutionGuid = {034E2F0C-3E43-41EF-8166-B1D84E27665D}
	EndGlobalSection
EndGlobal
